
Microsoft Visual Studio Solution File, Format Version 12.00
# Visual Studio Version 16
VisualStudioVersion = 16.0.29911.84
MinimumVisualStudioVersion = 10.0.40219.1
Project("{FAE04EC0-301F-11D3-BF4B-00C04F79EFBC}") = "IdentityServer4.Sample", "IdentityServer4.Sample\IdentityServer4.Sample.csproj", "{BC6D5E25-73D1-48EA-8C04-C0C5C17E6C8D}"
EndProject
Global
	GlobalSection(SolutionConfigurationPlatforms) = preSolution
		Debug|Any CPU = Debug|Any CPU
		Release|Any CPU = Release|Any CPU
	EndGlobalSection
	GlobalSection(ProjectConfigurationPlatforms) = postSolution
		{BC6D5E25-73D1-48EA-8C04-C0C5C17E6C8D}.Debug|Any CPU.ActiveCfg = Debug|Any CPU
		{BC6D5E25-73D1-48EA-8C04-C0C5C17E6C8D}.Debug|Any CPU.Build.0 = Debug|Any CPU
		{BC6D5E25-73D1-48EA-8C04-C0C5C17E6C8D}.Release|Any CPU.ActiveCfg = Release|Any CPU
		{BC6D5E25-73D1-48EA-8C04-C0C5C17E6C8D}.Release|Any CPU.Build.0 = Release|Any CPU
	EndGlobalSection
	GlobalSection(SolutionProperties) = preSolution
		HideSolutionNode = FALSE
	EndGlobalSection
	GlobalSection(ExtensibilityGlobals) = postSolution
		SolutionGuid = {4B6F11E4-F1AE-4F44-AA1B-B51B417E34A4}
	EndGlobalSection
EndGlobal
