
Microsoft Visual Studio Solution File, Format Version 12.00
# Visual Studio Version 16
VisualStudioVersion = 16.0.29911.84
MinimumVisualStudioVersion = 10.0.40219.1
Project("{9A19103F-16F7-4668-BE54-9A1E7A4F7556}") = "IdentityServer4.Sample", "IdentityServer4.Sample\IdentityServer4.Sample.csproj", "{BC6D5E25-73D1-48EA-8C04-C0C5C17E6C8D}"
EndProject
Project("{9A19103F-16F7-4668-BE54-9A1E7A4F7556}") = "IdentityServer4.EntityFramework.Storage", "..\..\IdentityServer4\src\EntityFramework.Storage\src\IdentityServer4.EntityFramework.Storage.csproj", "{916DF807-D731-485D-A6B2-48442C7AAD06}"
EndProject
Project("{9A19103F-16F7-4668-BE54-9A1E7A4F7556}") = "IdentityServer4", "..\..\IdentityServer4\src\IdentityServer4\src\IdentityServer4.csproj", "{02D74FA3-3A01-4F45-8E12-8EB630FDE8FF}"
EndProject
Project("{9A19103F-16F7-4668-BE54-9A1E7A4F7556}") = "IdentityServer4.AspNetIdentity", "..\..\IdentityServer4\src\AspNetIdentity\src\IdentityServer4.AspNetIdentity.csproj", "{38133778-97EB-41E9-92B9-966F2A54B7E3}"
EndProject
Project("{9A19103F-16F7-4668-BE54-9A1E7A4F7556}") = "IdentityServer4.EntityFramework", "..\..\IdentityServer4\src\EntityFramework\src\IdentityServer4.EntityFramework.csproj", "{EE2C357F-73CD-4575-AB56-144FE5DED818}"
EndProject
Project("{9A19103F-16F7-4668-BE54-9A1E7A4F7556}") = "IdentityServer4.Storage", "..\..\IdentityServer4\src\Storage\src\IdentityServer4.Storage.csproj", "{B3BE1F09-BC37-4AA4-9452-B9D6A4689B40}"
EndProject
Global
	GlobalSection(SolutionConfigurationPlatforms) = preSolution
		Debug|Any CPU = Debug|Any CPU
		Release|Any CPU = Release|Any CPU
	EndGlobalSection
	GlobalSection(ProjectConfigurationPlatforms) = postSolution
		{BC6D5E25-73D1-48EA-8C04-C0C5C17E6C8D}.Debug|Any CPU.ActiveCfg = Debug|Any CPU
		{BC6D5E25-73D1-48EA-8C04-C0C5C17E6C8D}.Debug|Any CPU.Build.0 = Debug|Any CPU
		{BC6D5E25-73D1-48EA-8C04-C0C5C17E6C8D}.Release|Any CPU.ActiveCfg = Release|Any CPU
		{BC6D5E25-73D1-48EA-8C04-C0C5C17E6C8D}.Release|Any CPU.Build.0 = Release|Any CPU
		{916DF807-D731-485D-A6B2-48442C7AAD06}.Debug|Any CPU.ActiveCfg = Debug|Any CPU
		{916DF807-D731-485D-A6B2-48442C7AAD06}.Debug|Any CPU.Build.0 = Debug|Any CPU
		{916DF807-D731-485D-A6B2-48442C7AAD06}.Release|Any CPU.ActiveCfg = Release|Any CPU
		{916DF807-D731-485D-A6B2-48442C7AAD06}.Release|Any CPU.Build.0 = Release|Any CPU
		{02D74FA3-3A01-4F45-8E12-8EB630FDE8FF}.Debug|Any CPU.ActiveCfg = Debug|Any CPU
		{02D74FA3-3A01-4F45-8E12-8EB630FDE8FF}.Debug|Any CPU.Build.0 = Debug|Any CPU
		{02D74FA3-3A01-4F45-8E12-8EB630FDE8FF}.Release|Any CPU.ActiveCfg = Release|Any CPU
		{02D74FA3-3A01-4F45-8E12-8EB630FDE8FF}.Release|Any CPU.Build.0 = Release|Any CPU
		{38133778-97EB-41E9-92B9-966F2A54B7E3}.Debug|Any CPU.ActiveCfg = Debug|Any CPU
		{38133778-97EB-41E9-92B9-966F2A54B7E3}.Debug|Any CPU.Build.0 = Debug|Any CPU
		{38133778-97EB-41E9-92B9-966F2A54B7E3}.Release|Any CPU.ActiveCfg = Release|Any CPU
		{38133778-97EB-41E9-92B9-966F2A54B7E3}.Release|Any CPU.Build.0 = Release|Any CPU
		{EE2C357F-73CD-4575-AB56-144FE5DED818}.Debug|Any CPU.ActiveCfg = Debug|Any CPU
		{EE2C357F-73CD-4575-AB56-144FE5DED818}.Debug|Any CPU.Build.0 = Debug|Any CPU
		{EE2C357F-73CD-4575-AB56-144FE5DED818}.Release|Any CPU.ActiveCfg = Release|Any CPU
		{EE2C357F-73CD-4575-AB56-144FE5DED818}.Release|Any CPU.Build.0 = Release|Any CPU
		{B3BE1F09-BC37-4AA4-9452-B9D6A4689B40}.Debug|Any CPU.ActiveCfg = Debug|Any CPU
		{B3BE1F09-BC37-4AA4-9452-B9D6A4689B40}.Debug|Any CPU.Build.0 = Debug|Any CPU
		{B3BE1F09-BC37-4AA4-9452-B9D6A4689B40}.Release|Any CPU.ActiveCfg = Release|Any CPU
		{B3BE1F09-BC37-4AA4-9452-B9D6A4689B40}.Release|Any CPU.Build.0 = Release|Any CPU
	EndGlobalSection
	GlobalSection(SolutionProperties) = preSolution
		HideSolutionNode = FALSE
	EndGlobalSection
	GlobalSection(ExtensibilityGlobals) = postSolution
		SolutionGuid = {4B6F11E4-F1AE-4F44-AA1B-B51B417E34A4}
	EndGlobalSection
EndGlobal
