
Microsoft Visual Studio Solution File, Format Version 12.00
# Visual Studio Version 16
VisualStudioVersion = 16.0.29911.84
MinimumVisualStudioVersion = 10.0.40219.1
Project("{9A19103F-16F7-4668-BE54-9A1E7A4F7556}") = "Api", "Api\Api.csproj", "{BF3FE515-14E2-4A04-9786-0F2C7EC3842D}"
EndProject
Project("{2150E333-8FDC-42A3-9474-1A3956D46DE8}") = "Libs", "Libs", "{E0A97467-D9D6-4A44-A82E-BC55E4A1FCB0}"
EndProject
Project("{9A19103F-16F7-4668-BE54-9A1E7A4F7556}") = "IdentityServer4.AccessTokenValidation", "..\IdentityServer4.AccessTokenValidation.Clone\IdentityServer4.AccessTokenValidation.csproj", "{E3575B12-4BF8-48C2-99CE-A3F466D459BB}"
EndProject
Global
	GlobalSection(SolutionConfigurationPlatforms) = preSolution
		Debug|Any CPU = Debug|Any CPU
		Release|Any CPU = Release|Any CPU
	EndGlobalSection
	GlobalSection(ProjectConfigurationPlatforms) = postSolution
		{BF3FE515-14E2-4A04-9786-0F2C7EC3842D}.Debug|Any CPU.ActiveCfg = Debug|Any CPU
		{BF3FE515-14E2-4A04-9786-0F2C7EC3842D}.Debug|Any CPU.Build.0 = Debug|Any CPU
		{BF3FE515-14E2-4A04-9786-0F2C7EC3842D}.Release|Any CPU.ActiveCfg = Release|Any CPU
		{BF3FE515-14E2-4A04-9786-0F2C7EC3842D}.Release|Any CPU.Build.0 = Release|Any CPU
		{E3575B12-4BF8-48C2-99CE-A3F466D459BB}.Debug|Any CPU.ActiveCfg = Debug|Any CPU
		{E3575B12-4BF8-48C2-99CE-A3F466D459BB}.Debug|Any CPU.Build.0 = Debug|Any CPU
		{E3575B12-4BF8-48C2-99CE-A3F466D459BB}.Release|Any CPU.ActiveCfg = Release|Any CPU
		{E3575B12-4BF8-48C2-99CE-A3F466D459BB}.Release|Any CPU.Build.0 = Release|Any CPU
	EndGlobalSection
	GlobalSection(SolutionProperties) = preSolution
		HideSolutionNode = FALSE
	EndGlobalSection
	GlobalSection(NestedProjects) = preSolution
		{E3575B12-4BF8-48C2-99CE-A3F466D459BB} = {E0A97467-D9D6-4A44-A82E-BC55E4A1FCB0}
	EndGlobalSection
	GlobalSection(ExtensibilityGlobals) = postSolution
		SolutionGuid = {EDA6622A-97A4-489A-96FB-1C2E3B07DD54}
	EndGlobalSection
EndGlobal
