
Microsoft Visual Studio Solution File, Format Version 12.00
# Visual Studio Version 16
VisualStudioVersion = 16.0.29911.84
MinimumVisualStudioVersion = 10.0.40219.1
Project("{FAE04EC0-301F-11D3-BF4B-00C04F79EFBC}") = "Api", "Api\Api.csproj", "{BF3FE515-14E2-4A04-9786-0F2C7EC3842D}"
EndProject
Global
	GlobalSection(SolutionConfigurationPlatforms) = preSolution
		Debug|Any CPU = Debug|Any CPU
		Release|Any CPU = Release|Any CPU
	EndGlobalSection
	GlobalSection(ProjectConfigurationPlatforms) = postSolution
		{BF3FE515-14E2-4A04-9786-0F2C7EC3842D}.Debug|Any CPU.ActiveCfg = Debug|Any CPU
		{BF3FE515-14E2-4A04-9786-0F2C7EC3842D}.Debug|Any CPU.Build.0 = Debug|Any CPU
		{BF3FE515-14E2-4A04-9786-0F2C7EC3842D}.Release|Any CPU.ActiveCfg = Release|Any CPU
		{BF3FE515-14E2-4A04-9786-0F2C7EC3842D}.Release|Any CPU.Build.0 = Release|Any CPU
	EndGlobalSection
	GlobalSection(SolutionProperties) = preSolution
		HideSolutionNode = FALSE
	EndGlobalSection
	GlobalSection(ExtensibilityGlobals) = postSolution
		SolutionGuid = {EDA6622A-97A4-489A-96FB-1C2E3B07DD54}
	EndGlobalSection
EndGlobal
